
Microsoft Visual Studio Solution File, Format Version 12.00
Project("{FAE04EC0-301F-11D3-BF4B-00C04F79EFBC}") = "OneWay.MQ.Client", "OneWay.MQ.Client\OneWay.MQ.Client.csproj", "{F9EF39D3-BD0C-48B4-953B-6D8D2DDDD8B9}"
EndProject
Project("{FAE04EC0-301F-11D3-BF4B-00C04F79EFBC}") = "OneWay.MQ.Consumer", "OneWay.MQ.Consumer\OneWay.MQ.Consumer.csproj", "{A321E8C9-C55E-4BEC-9596-EDD7E09CB9D9}"
EndProject
Project("{2150E333-8FDC-42A3-9474-1A3956D46DE8}") = "OneWay", "OneWay", "{A423A2BF-E155-4552-8F9C-ACBF258B406D}"
EndProject
Project("{2150E333-8FDC-42A3-9474-1A3956D46DE8}") = "Worker", "Worker", "{F40DEDC1-3D4F-4C59-A16E-BB26B6AA4AFC}"
EndProject
Project("{FAE04EC0-301F-11D3-BF4B-00C04F79EFBC}") = "Worker.MQ.Client", "Worker.MQ.Client\Worker.MQ.Client.csproj", "{CEB8349D-7BB1-4487-A721-2964C8F2A286}"
EndProject
Project("{FAE04EC0-301F-11D3-BF4B-00C04F79EFBC}") = "Worker.MQ.Consumer1", "Worker.MQ.Consumer1\Worker.MQ.Consumer1.csproj", "{77B22A7A-8830-45EB-A9DF-44FE14430249}"
EndProject
Project("{FAE04EC0-301F-11D3-BF4B-00C04F79EFBC}") = "Example.MQ.Domain", "Example.MQ.Domain\Example.MQ.Domain.csproj", "{4D31954B-DF76-48D8-A0F6-CE7C2D043382}"
EndProject
Project("{FAE04EC0-301F-11D3-BF4B-00C04F79EFBC}") = "Worker.MQ.Consumer2", "Worker.MQ.Consumer2\Worker.MQ.Consumer2.csproj", "{78699740-F97C-4181-8178-4BA229141996}"
EndProject
Project("{2150E333-8FDC-42A3-9474-1A3956D46DE8}") = "PubSub", "PubSub", "{D7920D03-4415-4FAE-A6BD-45F2AC5EE398}"
EndProject
Project("{FAE04EC0-301F-11D3-BF4B-00C04F79EFBC}") = "PubSub.MQ.Client", "PubSub.MQ.Client\PubSub.MQ.Client.csproj", "{D57EF007-A27C-4779-86FF-1819987BDC92}"
EndProject
Project("{FAE04EC0-301F-11D3-BF4B-00C04F79EFBC}") = "PubSub.MQ.Consumer1", "PubSub.MQ.Consumer1\PubSub.MQ.Consumer1.csproj", "{167E5E0C-7F1E-4B1D-8248-132FD7C41A2E}"
EndProject
Project("{FAE04EC0-301F-11D3-BF4B-00C04F79EFBC}") = "PubSub.MQ.Consumer2", "PubSub.MQ.Consumer2\PubSub.MQ.Consumer2.csproj", "{80DEF12B-8A6A-46E8-822C-D08BBB11E9E7}"
EndProject
Project("{2150E333-8FDC-42A3-9474-1A3956D46DE8}") = "RPC", "RPC", "{73A1A6AA-C36D-443E-826B-16284590B528}"
EndProject
Project("{FAE04EC0-301F-11D3-BF4B-00C04F79EFBC}") = "RPC.MQ.Client", "RPC.MQ.Client\RPC.MQ.Client.csproj", "{2047674E-15B9-49F6-9419-B2C785673F23}"
EndProject
Project("{FAE04EC0-301F-11D3-BF4B-00C04F79EFBC}") = "RPC.MQ.Consumer", "RPC.MQ.Consumer\RPC.MQ.Consumer.csproj", "{C041E748-FDCD-4BBF-BA7B-255DAB9874A6}"
EndProject
Project("{2150E333-8FDC-42A3-9474-1A3956D46DE8}") = "Routing", "Routing", "{601D62BA-F932-4BA7-92A5-EA7D348C3B0A}"
EndProject
Project("{FAE04EC0-301F-11D3-BF4B-00C04F79EFBC}") = "Routing.MQ.Client", "Routing.MQ.Client\Routing.MQ.Client.csproj", "{A591D671-A6A7-4ECB-9ED6-6D6825E28CCE}"
EndProject
Project("{FAE04EC0-301F-11D3-BF4B-00C04F79EFBC}") = "Routing.MQ.Consumer", "Routing.MQ.Consumer\Routing.MQ.Consumer.csproj", "{990A5C52-D53A-4DE9-99DA-64D4B4BF771E}"
EndProject
Global
	GlobalSection(SolutionConfigurationPlatforms) = preSolution
		Debug|Any CPU = Debug|Any CPU
		Release|Any CPU = Release|Any CPU
	EndGlobalSection
	GlobalSection(ProjectConfigurationPlatforms) = postSolution
		{F9EF39D3-BD0C-48B4-953B-6D8D2DDDD8B9}.Debug|Any CPU.ActiveCfg = Debug|Any CPU
		{F9EF39D3-BD0C-48B4-953B-6D8D2DDDD8B9}.Debug|Any CPU.Build.0 = Debug|Any CPU
		{F9EF39D3-BD0C-48B4-953B-6D8D2DDDD8B9}.Release|Any CPU.ActiveCfg = Release|Any CPU
		{F9EF39D3-BD0C-48B4-953B-6D8D2DDDD8B9}.Release|Any CPU.Build.0 = Release|Any CPU
		{A321E8C9-C55E-4BEC-9596-EDD7E09CB9D9}.Debug|Any CPU.ActiveCfg = Debug|Any CPU
		{A321E8C9-C55E-4BEC-9596-EDD7E09CB9D9}.Debug|Any CPU.Build.0 = Debug|Any CPU
		{A321E8C9-C55E-4BEC-9596-EDD7E09CB9D9}.Release|Any CPU.ActiveCfg = Release|Any CPU
		{A321E8C9-C55E-4BEC-9596-EDD7E09CB9D9}.Release|Any CPU.Build.0 = Release|Any CPU
		{CEB8349D-7BB1-4487-A721-2964C8F2A286}.Debug|Any CPU.ActiveCfg = Debug|Any CPU
		{CEB8349D-7BB1-4487-A721-2964C8F2A286}.Debug|Any CPU.Build.0 = Debug|Any CPU
		{CEB8349D-7BB1-4487-A721-2964C8F2A286}.Release|Any CPU.ActiveCfg = Release|Any CPU
		{CEB8349D-7BB1-4487-A721-2964C8F2A286}.Release|Any CPU.Build.0 = Release|Any CPU
		{77B22A7A-8830-45EB-A9DF-44FE14430249}.Debug|Any CPU.ActiveCfg = Debug|Any CPU
		{77B22A7A-8830-45EB-A9DF-44FE14430249}.Debug|Any CPU.Build.0 = Debug|Any CPU
		{77B22A7A-8830-45EB-A9DF-44FE14430249}.Release|Any CPU.ActiveCfg = Release|Any CPU
		{77B22A7A-8830-45EB-A9DF-44FE14430249}.Release|Any CPU.Build.0 = Release|Any CPU
		{4D31954B-DF76-48D8-A0F6-CE7C2D043382}.Debug|Any CPU.ActiveCfg = Debug|Any CPU
		{4D31954B-DF76-48D8-A0F6-CE7C2D043382}.Debug|Any CPU.Build.0 = Debug|Any CPU
		{4D31954B-DF76-48D8-A0F6-CE7C2D043382}.Release|Any CPU.ActiveCfg = Release|Any CPU
		{4D31954B-DF76-48D8-A0F6-CE7C2D043382}.Release|Any CPU.Build.0 = Release|Any CPU
		{78699740-F97C-4181-8178-4BA229141996}.Debug|Any CPU.ActiveCfg = Debug|Any CPU
		{78699740-F97C-4181-8178-4BA229141996}.Debug|Any CPU.Build.0 = Debug|Any CPU
		{78699740-F97C-4181-8178-4BA229141996}.Release|Any CPU.ActiveCfg = Release|Any CPU
		{78699740-F97C-4181-8178-4BA229141996}.Release|Any CPU.Build.0 = Release|Any CPU
		{D57EF007-A27C-4779-86FF-1819987BDC92}.Debug|Any CPU.ActiveCfg = Debug|Any CPU
		{D57EF007-A27C-4779-86FF-1819987BDC92}.Debug|Any CPU.Build.0 = Debug|Any CPU
		{D57EF007-A27C-4779-86FF-1819987BDC92}.Release|Any CPU.ActiveCfg = Release|Any CPU
		{D57EF007-A27C-4779-86FF-1819987BDC92}.Release|Any CPU.Build.0 = Release|Any CPU
		{167E5E0C-7F1E-4B1D-8248-132FD7C41A2E}.Debug|Any CPU.ActiveCfg = Debug|Any CPU
		{167E5E0C-7F1E-4B1D-8248-132FD7C41A2E}.Debug|Any CPU.Build.0 = Debug|Any CPU
		{167E5E0C-7F1E-4B1D-8248-132FD7C41A2E}.Release|Any CPU.ActiveCfg = Release|Any CPU
		{167E5E0C-7F1E-4B1D-8248-132FD7C41A2E}.Release|Any CPU.Build.0 = Release|Any CPU
		{80DEF12B-8A6A-46E8-822C-D08BBB11E9E7}.Debug|Any CPU.ActiveCfg = Debug|Any CPU
		{80DEF12B-8A6A-46E8-822C-D08BBB11E9E7}.Debug|Any CPU.Build.0 = Debug|Any CPU
		{80DEF12B-8A6A-46E8-822C-D08BBB11E9E7}.Release|Any CPU.ActiveCfg = Release|Any CPU
		{80DEF12B-8A6A-46E8-822C-D08BBB11E9E7}.Release|Any CPU.Build.0 = Release|Any CPU
		{2047674E-15B9-49F6-9419-B2C785673F23}.Debug|Any CPU.ActiveCfg = Debug|Any CPU
		{2047674E-15B9-49F6-9419-B2C785673F23}.Debug|Any CPU.Build.0 = Debug|Any CPU
		{2047674E-15B9-49F6-9419-B2C785673F23}.Release|Any CPU.ActiveCfg = Release|Any CPU
		{2047674E-15B9-49F6-9419-B2C785673F23}.Release|Any CPU.Build.0 = Release|Any CPU
		{C041E748-FDCD-4BBF-BA7B-255DAB9874A6}.Debug|Any CPU.ActiveCfg = Debug|Any CPU
		{C041E748-FDCD-4BBF-BA7B-255DAB9874A6}.Debug|Any CPU.Build.0 = Debug|Any CPU
		{C041E748-FDCD-4BBF-BA7B-255DAB9874A6}.Release|Any CPU.ActiveCfg = Release|Any CPU
		{C041E748-FDCD-4BBF-BA7B-255DAB9874A6}.Release|Any CPU.Build.0 = Release|Any CPU
		{A591D671-A6A7-4ECB-9ED6-6D6825E28CCE}.Debug|Any CPU.ActiveCfg = Debug|Any CPU
		{A591D671-A6A7-4ECB-9ED6-6D6825E28CCE}.Debug|Any CPU.Build.0 = Debug|Any CPU
		{A591D671-A6A7-4ECB-9ED6-6D6825E28CCE}.Release|Any CPU.ActiveCfg = Release|Any CPU
		{A591D671-A6A7-4ECB-9ED6-6D6825E28CCE}.Release|Any CPU.Build.0 = Release|Any CPU
		{990A5C52-D53A-4DE9-99DA-64D4B4BF771E}.Debug|Any CPU.ActiveCfg = Debug|Any CPU
		{990A5C52-D53A-4DE9-99DA-64D4B4BF771E}.Debug|Any CPU.Build.0 = Debug|Any CPU
		{990A5C52-D53A-4DE9-99DA-64D4B4BF771E}.Release|Any CPU.ActiveCfg = Release|Any CPU
		{990A5C52-D53A-4DE9-99DA-64D4B4BF771E}.Release|Any CPU.Build.0 = Release|Any CPU
	EndGlobalSection
	GlobalSection(NestedProjects) = preSolution
		{F9EF39D3-BD0C-48B4-953B-6D8D2DDDD8B9} = {A423A2BF-E155-4552-8F9C-ACBF258B406D}
		{A321E8C9-C55E-4BEC-9596-EDD7E09CB9D9} = {A423A2BF-E155-4552-8F9C-ACBF258B406D}
		{CEB8349D-7BB1-4487-A721-2964C8F2A286} = {F40DEDC1-3D4F-4C59-A16E-BB26B6AA4AFC}
		{77B22A7A-8830-45EB-A9DF-44FE14430249} = {F40DEDC1-3D4F-4C59-A16E-BB26B6AA4AFC}
		{78699740-F97C-4181-8178-4BA229141996} = {F40DEDC1-3D4F-4C59-A16E-BB26B6AA4AFC}
		{D57EF007-A27C-4779-86FF-1819987BDC92} = {D7920D03-4415-4FAE-A6BD-45F2AC5EE398}
		{167E5E0C-7F1E-4B1D-8248-132FD7C41A2E} = {D7920D03-4415-4FAE-A6BD-45F2AC5EE398}
		{80DEF12B-8A6A-46E8-822C-D08BBB11E9E7} = {D7920D03-4415-4FAE-A6BD-45F2AC5EE398}
		{2047674E-15B9-49F6-9419-B2C785673F23} = {73A1A6AA-C36D-443E-826B-16284590B528}
		{C041E748-FDCD-4BBF-BA7B-255DAB9874A6} = {73A1A6AA-C36D-443E-826B-16284590B528}
		{A591D671-A6A7-4ECB-9ED6-6D6825E28CCE} = {601D62BA-F932-4BA7-92A5-EA7D348C3B0A}
		{990A5C52-D53A-4DE9-99DA-64D4B4BF771E} = {601D62BA-F932-4BA7-92A5-EA7D348C3B0A}
	EndGlobalSection
EndGlobal
